<?xml version="1.0" encoding="utf-8"?>
<Project ToolsVersion="4.0" xmlns="http://schemas.microsoft.com/developer/msbuild/2003">
  <ItemGroup>
    <Filter Include="资源文件">
      <UniqueIdentifier>{67DA6AB6-F800-4c08-8B7A-83BB121AAD01}</UniqueIdentifier>
      <Extensions>rc;ico;cur;bmp;dlg;rc2;rct;bin;rgs;gif;jpg;jpeg;jpe;resx;tiff;tif;png;wav;mfcribbon-ms</Extensions>
    </Filter>
  </ItemGroup>
  <ItemGroup>
    <ClCompile Include="ae.c" />
    <ClCompile Include="ae_ws2.c" />
    <ClCompile Include="anet.c" />
    <ClCompile Include="request.c" />
    <ClCompile Include="response.c" />
    <ClCompile Include="zmalloc.c" />
    <ClCompile Include="xcoroutine.cpp" />
    <ClCompile Include="ae_iocp.c" />
    <ClCompile Include="xchannel.cpp" />
    <ClCompile Include="xrpc.cpp" />
    <ClCompile Include="xchannel_pdu.cpp" />
    <ClCompile Include="xchannel.c" />
    <ClCompile Include="xlog.c" />
  </ItemGroup>
  <ItemGroup>
    <ClInclude Include="ae.h" />
    <ClInclude Include="anet.h" />
    <ClInclude Include="fmacros.h" />
    <ClInclude Include="request.h" />
    <ClInclude Include="response.h" />
    <ClInclude Include="zmalloc.h" />
    <ClInclude Include="xcoroutine.h" />
    <ClInclude Include="xchannel.h" />
    <ClInclude Include="xmutex.h" />
    <ClInclude Include="xrpc.h" />
    <ClInclude Include="xpack.h" />
    <ClInclude Include="xrpc_awaiter.h" />
    <ClInclude Include="xrpc_template.h" />
    <ClInclude Include="xlog.h" />
  </ItemGroup>
</Project>
